{
  "nodes": {
    "admin-src": {
      "flake": false,
      "locked": {
        "lastModified": 1632260072,
        "narHash": "sha256-NvXT3Tvl4mwqHljzk/n/T1FTY2AHpD5TFjQk8tX4m6o=",
        "owner": "aerospike",
        "repo": "aerospike-admin",
        "rev": "24307bba776880ae07b227f110bc5d04af59abd5",
        "type": "github"
      },
      "original": {
        "owner": "aerospike",
        "ref": "2.4.0",
        "repo": "aerospike-admin",
        "type": "github"
      }
    },
    "client-c-src": {
      "flake": false,
      "locked": {
        "lastModified": 1632955243,
        "narHash": "sha256-QIhWpQ/jSVVoqrwk5qBaLXHozEJe8LeKUvEE5XImIbo=",
        "ref": "refs/tags/5.2.4",
        "rev": "7c2e766ed328d77efce5a379157f0d4523c1fa93",
        "revCount": 3314,
        "submodules": true,
        "type": "git",
        "url": "https://github.com/aerospike/aerospike-client-c"
      },
      "original": {
        "ref": "refs/tags/5.2.4",
        "submodules": true,
        "type": "git",
        "url": "https://github.com/aerospike/aerospike-client-c"
      }
    },
    "nixpkgs": {
      "locked": {
        "lastModified": 1633133393,
        "narHash": "sha256-gpFg098gzWKTx/IHLwnx43vm19xf/sQ2NPm/emdVHe0=",
        "owner": "NixOS",
        "repo": "nixpkgs",
        "rev": "7b5bae994e7c7e8c07b6a729fa68813807d426c0",
        "type": "github"
      },
      "original": {
        "owner": "NixOS",
        "ref": "staging-21.05",
        "repo": "nixpkgs",
        "type": "github"
      }
    },
    "root": {
      "inputs": {
        "admin-src": "admin-src",
        "client-c-src": "client-c-src",
        "nixpkgs": "nixpkgs",
        "src": "src",
        "tools-backup-src": "tools-backup-src"
      }
    },
    "src": {
      "flake": false,
      "locked": {
        "lastModified": 1631901928,
        "narHash": "sha256-CskyzFlLd7L2Jzpl0AGtRqFqMzi37L944K0RU360Azs=",
        "ref": "refs/tags/5.7.0.7",
        "rev": "e72a67e2db1f728d1f1bff13c79bfe36a49b150a",
        "revCount": 974,
        "submodules": true,
        "type": "git",
        "url": "https://github.com/aerospike/aerospike-server"
      },
      "original": {
        "ref": "refs/tags/5.7.0.7",
        "submodules": true,
        "type": "git",
        "url": "https://github.com/aerospike/aerospike-server"
      }
    },
    "tools-backup-src": {
      "flake": false,
      "locked": {
        "lastModified": 1632260380,
        "narHash": "sha256-M52RN7rfWYEsu2LoUvCfTDbx6vmzBSzSxfFOABk+r1M=",
        "owner": "aerospike",
        "repo": "aerospike-tools-backup",
        "rev": "86069b3f79201837a4df0bb2175660a96e6a3081",
        "type": "github"
      },
      "original": {
        "owner": "aerospike",
        "ref": "3.8.0",
        "repo": "aerospike-tools-backup",
        "type": "github"
      }
    }
  },
  "root": "root",
  "version": 7
}
