{
  "nodes": {
    "admin-src": {
      "flake": false,
      "locked": {
        "lastModified": 1620244228,
        "narHash": "sha256-c+aM3AZZA3x6j3Zk2Hwxe0WyFWsPhhDbOw8vxMr4jhc=",
        "owner": "aerospike",
        "repo": "aerospike-admin",
        "rev": "3ce721bbd249eca73046345620941a6aef325589",
        "type": "github"
      },
      "original": {
        "owner": "aerospike",
        "ref": "2.2.0",
        "repo": "aerospike-admin",
        "type": "github"
      }
    },
    "client-c-src": {
      "flake": false,
      "locked": {
        "lastModified": 1627319686,
        "narHash": "sha256-0+RZGgEISuvDcbu7z+tg9R2oBiqZDFBbVn7oeFzw49s=",
        "ref": "refs/tags/5.2.2",
        "rev": "12bbd843b141c48c3b543aa1d60f1a84479adfee",
        "revCount": 3300,
        "submodules": true,
        "type": "git",
        "url": "https://github.com/aerospike/aerospike-client-c"
      },
      "original": {
        "ref": "refs/tags/5.2.2",
        "submodules": true,
        "type": "git",
        "url": "https://github.com/aerospike/aerospike-client-c"
      }
    },
    "flake-compat": {
      "flake": false,
      "locked": {
        "lastModified": 1611479733,
        "narHash": "sha256-8K/ZQfAODlPhbWQTN2sy/HWyppC5MeAuVb/uHOO8oS0=",
        "owner": "TimothyKlim",
        "repo": "flake-compat",
        "rev": "0eb07ce2c5fc1a104d77dcc073806b39f7defc78",
        "type": "github"
      },
      "original": {
        "owner": "TimothyKlim",
        "repo": "flake-compat",
        "rev": "0eb07ce2c5fc1a104d77dcc073806b39f7defc78",
        "type": "github"
      }
    },
    "nixpkgs": {
      "locked": {
        "lastModified": 1627857416,
        "narHash": "sha256-AV0MsFVzbWI2MZbJ2j0kc8ooFLGSCZHuM9ipaWR9ds4=",
        "owner": "NixOS",
        "repo": "nixpkgs",
        "rev": "aaf9676fbb7fb4570216ca1e189a3dc769d62c45",
        "type": "github"
      },
      "original": {
        "owner": "NixOS",
        "ref": "nixos-unstable",
        "repo": "nixpkgs",
        "type": "github"
      }
    },
    "root": {
      "inputs": {
        "admin-src": "admin-src",
        "client-c-src": "client-c-src",
        "flake-compat": "flake-compat",
        "nixpkgs": "nixpkgs",
        "src": "src",
        "tools-backup-src": "tools-backup-src"
      }
    },
    "src": {
      "flake": false,
      "locked": {
        "lastModified": 1626823167,
        "narHash": "sha256-BCE52IvP+BSocgr7GB/1qAtnfq8Rgm7IrM381fz6UeU=",
        "ref": "refs/tags/5.6.0.9",
        "rev": "edb240daa6e7aa49739a4d52676c254818c38a86",
        "revCount": 872,
        "submodules": true,
        "type": "git",
        "url": "https://github.com/aerospike/aerospike-server"
      },
      "original": {
        "ref": "refs/tags/5.6.0.9",
        "submodules": true,
        "type": "git",
        "url": "https://github.com/aerospike/aerospike-server"
      }
    },
    "tools-backup-src": {
      "flake": false,
      "locked": {
        "lastModified": 1620255391,
        "narHash": "sha256-cHptrI/b5ueXx94mucHkde1JOzeOFF+RoKTIf6q4xHE=",
        "owner": "aerospike",
        "repo": "aerospike-tools-backup",
        "rev": "8690e69cca2ad8b2bfcc998678fd8dffdc195fea",
        "type": "github"
      },
      "original": {
        "owner": "aerospike",
        "ref": "3.6.1",
        "repo": "aerospike-tools-backup",
        "type": "github"
      }
    }
  },
  "root": "root",
  "version": 7
}
