{
  "nodes": {
    "admin-src": {
      "flake": false,
      "locked": {
        "lastModified": 1620244228,
        "narHash": "sha256-c+aM3AZZA3x6j3Zk2Hwxe0WyFWsPhhDbOw8vxMr4jhc=",
        "owner": "aerospike",
        "repo": "aerospike-admin",
        "rev": "3ce721bbd249eca73046345620941a6aef325589",
        "type": "github"
      },
      "original": {
        "owner": "aerospike",
        "ref": "2.2.0",
        "repo": "aerospike-admin",
        "type": "github"
      }
    },
    "client-c-src": {
      "flake": false,
      "locked": {
        "lastModified": 1627319686,
        "narHash": "sha256-0+RZGgEISuvDcbu7z+tg9R2oBiqZDFBbVn7oeFzw49s=",
        "ref": "refs/tags/5.2.2",
        "rev": "12bbd843b141c48c3b543aa1d60f1a84479adfee",
        "revCount": 3300,
        "submodules": true,
        "type": "git",
        "url": "https://github.com/aerospike/aerospike-client-c"
      },
      "original": {
        "ref": "refs/tags/5.2.2",
        "submodules": true,
        "type": "git",
        "url": "https://github.com/aerospike/aerospike-client-c"
      }
    },
    "nixpkgs": {
      "locked": {
        "lastModified": 1628121792,
        "narHash": "sha256-1e0B/kFKfKbHVCwYTAuLiigF4Cku2Fz1La9zk4wphLY=",
        "owner": "NixOS",
        "repo": "nixpkgs",
        "rev": "851f4c9d1a11c4f41d7f55d2180ea56f2fb1cc4f",
        "type": "github"
      },
      "original": {
        "owner": "NixOS",
        "ref": "staging-21.05",
        "repo": "nixpkgs",
        "type": "github"
      }
    },
    "root": {
      "inputs": {
        "admin-src": "admin-src",
        "client-c-src": "client-c-src",
        "nixpkgs": "nixpkgs",
        "src": "src",
        "tools-backup-src": "tools-backup-src"
      }
    },
    "src": {
      "flake": false,
      "locked": {
        "lastModified": 1626823167,
        "narHash": "sha256-BCE52IvP+BSocgr7GB/1qAtnfq8Rgm7IrM381fz6UeU=",
        "ref": "refs/tags/5.6.0.9",
        "rev": "edb240daa6e7aa49739a4d52676c254818c38a86",
        "revCount": 872,
        "submodules": true,
        "type": "git",
        "url": "https://github.com/aerospike/aerospike-server"
      },
      "original": {
        "ref": "refs/tags/5.6.0.9",
        "submodules": true,
        "type": "git",
        "url": "https://github.com/aerospike/aerospike-server"
      }
    },
    "tools-backup-src": {
      "flake": false,
      "locked": {
        "lastModified": 1620255391,
        "narHash": "sha256-cHptrI/b5ueXx94mucHkde1JOzeOFF+RoKTIf6q4xHE=",
        "owner": "aerospike",
        "repo": "aerospike-tools-backup",
        "rev": "8690e69cca2ad8b2bfcc998678fd8dffdc195fea",
        "type": "github"
      },
      "original": {
        "owner": "aerospike",
        "ref": "3.6.1",
        "repo": "aerospike-tools-backup",
        "type": "github"
      }
    }
  },
  "root": "root",
  "version": 7
}
